
Microsoft Visual Studio Solution File, Format Version 12.00
# Visual Studio Version 17
VisualStudioVersion = 17.7.34221.43
MinimumVisualStudioVersion = 10.0.40219.1
Project("{FAE04EC0-301F-11D3-BF4B-00C04F79EFBC}") = "L17_powerOfTwo", "L17_powerOfTwo.csproj", "{B1A9F302-1495-4D3E-B35D-5F298C89B433}"
EndProject
Global
	GlobalSection(SolutionConfigurationPlatforms) = preSolution
		Debug|Any CPU = Debug|Any CPU
		Release|Any CPU = Release|Any CPU
	EndGlobalSection
	GlobalSection(ProjectConfigurationPlatforms) = postSolution
		{B1A9F302-1495-4D3E-B35D-5F298C89B433}.Debug|Any CPU.ActiveCfg = Debug|Any CPU
		{B1A9F302-1495-4D3E-B35D-5F298C89B433}.Debug|Any CPU.Build.0 = Debug|Any CPU
		{B1A9F302-1495-4D3E-B35D-5F298C89B433}.Release|Any CPU.ActiveCfg = Release|Any CPU
		{B1A9F302-1495-4D3E-B35D-5F298C89B433}.Release|Any CPU.Build.0 = Release|Any CPU
	EndGlobalSection
	GlobalSection(SolutionProperties) = preSolution
		HideSolutionNode = FALSE
	EndGlobalSection
	GlobalSection(ExtensibilityGlobals) = postSolution
		SolutionGuid = {138B986D-2D15-449D-B05F-6401823ECCE3}
	EndGlobalSection
EndGlobal
